// !$*UTF8*$!
{
	archiveVersion = 1;
	classes = {
	};
	objectVersion = 51;
	objects = {

/* Begin PBXBuildFile section */
		7B017E41270CC9CF00DA95C3 /* 8-ball.xcdatamodeld in Sources */ = {isa = PBXBuildFile; fileRef = 7B017E3F270CC9CF00DA95C3 /* 8-ball.xcdatamodeld */; };
		7B18315027036E3C0002DC27 /* SettingsViewController.swift in Sources */ = {isa = PBXBuildFile; fileRef = 7B18314F27036E3C0002DC27 /* SettingsViewController.swift */; };
		7B1AC0E9274D320500F58290 /* KeychainManager.swift in Sources */ = {isa = PBXBuildFile; fileRef = 7B1AC0E8274D320500F58290 /* KeychainManager.swift */; };
		7B2E95A12706D6B200C3B8DD /* Constants.swift in Sources */ = {isa = PBXBuildFile; fileRef = 7B2E95A02706D6B200C3B8DD /* Constants.swift */; };
		7B3AAB272750CFC0001C6DE4 /* MainTabBarController.swift in Sources */ = {isa = PBXBuildFile; fileRef = 7B3AAB262750CFC0001C6DE4 /* MainTabBarController.swift */; };
		7B472148271B4BD500D1D41F /* Reachability.swift in Sources */ = {isa = PBXBuildFile; fileRef = 7B472147271B4BD500D1D41F /* Reachability.swift */; };
		7B559271273C5542000CD949 /* Localizable.strings in Resources */ = {isa = PBXBuildFile; fileRef = 7B55926F273C5542000CD949 /* Localizable.strings */; };
		7B71E2DA27359A4900AAC475 /* ConnectionManager.swift in Sources */ = {isa = PBXBuildFile; fileRef = 7B71E2D927359A4900AAC475 /* ConnectionManager.swift */; };
		7B762B6C273FFC9B0097DF54 /* Strings.swift in Sources */ = {isa = PBXBuildFile; fileRef = 7B762B6A273FFC9B0097DF54 /* Strings.swift */; };
		7B762B6D273FFC9B0097DF54 /* Assets.swift in Sources */ = {isa = PBXBuildFile; fileRef = 7B762B6B273FFC9B0097DF54 /* Assets.swift */; };
		7B762B70274004310097DF54 /* MainViewModel.swift in Sources */ = {isa = PBXBuildFile; fileRef = 7B762B6F274004310097DF54 /* MainViewModel.swift */; };
		7B762B722740043E0097DF54 /* MainModel.swift in Sources */ = {isa = PBXBuildFile; fileRef = 7B762B712740043E0097DF54 /* MainModel.swift */; };
		7B7653E22740284F00D472C7 /* Answer.swift in Sources */ = {isa = PBXBuildFile; fileRef = 7B7653E12740284F00D472C7 /* Answer.swift */; };
		7B7653E4274029E500D472C7 /* PresentableAnswer.swift in Sources */ = {isa = PBXBuildFile; fileRef = 7B7653E3274029E500D472C7 /* PresentableAnswer.swift */; };
		7B7653E627412E1D00D472C7 /* SettingsViewModel.swift in Sources */ = {isa = PBXBuildFile; fileRef = 7B7653E527412E1D00D472C7 /* SettingsViewModel.swift */; };
		7B7653E927412E6A00D472C7 /* SettingsModel.swift in Sources */ = {isa = PBXBuildFile; fileRef = 7B7653E827412E6A00D472C7 /* SettingsModel.swift */; };
		7B7653EB27413F5800D472C7 /* AnswersViewModel.swift in Sources */ = {isa = PBXBuildFile; fileRef = 7B7653EA27413F5800D472C7 /* AnswersViewModel.swift */; };
		7B7653ED2741425A00D472C7 /* AnswersModel.swift in Sources */ = {isa = PBXBuildFile; fileRef = 7B7653EC2741425A00D472C7 /* AnswersModel.swift */; };
		7BA85331273B0A8C0015176E /* DBManager.swift in Sources */ = {isa = PBXBuildFile; fileRef = 7BA85330273B0A8C0015176E /* DBManager.swift */; };
		7BB066A426FDAAAF008FB062 /* AppDelegate.swift in Sources */ = {isa = PBXBuildFile; fileRef = 7BB066A326FDAAAF008FB062 /* AppDelegate.swift */; };
		7BB066A626FDAAAF008FB062 /* SceneDelegate.swift in Sources */ = {isa = PBXBuildFile; fileRef = 7BB066A526FDAAAF008FB062 /* SceneDelegate.swift */; };
		7BB066A826FDAAAF008FB062 /* MainViewController.swift in Sources */ = {isa = PBXBuildFile; fileRef = 7BB066A726FDAAAF008FB062 /* MainViewController.swift */; };
		7BB066AD26FDAAB1008FB062 /* Assets.xcassets in Resources */ = {isa = PBXBuildFile; fileRef = 7BB066AC26FDAAB1008FB062 /* Assets.xcassets */; };
		7BB066B026FDAAB1008FB062 /* LaunchScreen.storyboard in Resources */ = {isa = PBXBuildFile; fileRef = 7BB066AE26FDAAB1008FB062 /* LaunchScreen.storyboard */; };
		7BD7E2A4271602E400709514 /* AnswersTableViewController.swift in Sources */ = {isa = PBXBuildFile; fileRef = 7BD7E2A3271602E400709514 /* AnswersTableViewController.swift */; };
		7BEFEFB8270D98C6006DAAA6 /* AnswerData.swift in Sources */ = {isa = PBXBuildFile; fileRef = 7BEFEFB7270D98C6006DAAA6 /* AnswerData.swift */; };
		7BEFEFBA270D9AE3006DAAA6 /* AnswerManager.swift in Sources */ = {isa = PBXBuildFile; fileRef = 7BEFEFB9270D9AE3006DAAA6 /* AnswerManager.swift */; };
		A20BD63A207B0620DEC2F1D1 /* Pods_8_ball.framework in Frameworks */ = {isa = PBXBuildFile; fileRef = F53C5C78F5A1DDEB5ACC9D38 /* Pods_8_ball.framework */; };
/* End PBXBuildFile section */

/* Begin PBXFileReference section */
		7A9F9BBCC4526B74250B4FE2 /* Pods-8-ball.debug.xcconfig */ = {isa = PBXFileReference; includeInIndex = 1; lastKnownFileType = text.xcconfig; name = "Pods-8-ball.debug.xcconfig"; path = "Target Support Files/Pods-8-ball/Pods-8-ball.debug.xcconfig"; sourceTree = "<group>"; };
		7B017E40270CC9CF00DA95C3 /* 8-ball.xcdatamodel */ = {isa = PBXFileReference; lastKnownFileType = wrapper.xcdatamodel; path = "8-ball.xcdatamodel"; sourceTree = "<group>"; };
		7B18314F27036E3C0002DC27 /* SettingsViewController.swift */ = {isa = PBXFileReference; lastKnownFileType = sourcecode.swift; path = SettingsViewController.swift; sourceTree = "<group>"; };
		7B1AC0E8274D320500F58290 /* KeychainManager.swift */ = {isa = PBXFileReference; lastKnownFileType = sourcecode.swift; path = KeychainManager.swift; sourceTree = "<group>"; };
		7B29FA97273C3A78008E5E4F /* swiftgen.yml */ = {isa = PBXFileReference; lastKnownFileType = text.yaml; path = swiftgen.yml; sourceTree = "<group>"; };
		7B2E95A02706D6B200C3B8DD /* Constants.swift */ = {isa = PBXFileReference; lastKnownFileType = sourcecode.swift; path = Constants.swift; sourceTree = "<group>"; };
		7B3AAB262750CFC0001C6DE4 /* MainTabBarController.swift */ = {isa = PBXFileReference; lastKnownFileType = sourcecode.swift; path = MainTabBarController.swift; sourceTree = "<group>"; };
		7B472147271B4BD500D1D41F /* Reachability.swift */ = {isa = PBXFileReference; lastKnownFileType = sourcecode.swift; path = Reachability.swift; sourceTree = "<group>"; };
		7B559270273C5542000CD949 /* Base */ = {isa = PBXFileReference; lastKnownFileType = text.plist.strings; name = Base; path = Base.lproj/Localizable.strings; sourceTree = "<group>"; };
		7B71E2D927359A4900AAC475 /* ConnectionManager.swift */ = {isa = PBXFileReference; lastKnownFileType = sourcecode.swift; path = ConnectionManager.swift; sourceTree = "<group>"; };
		7B762B6A273FFC9B0097DF54 /* Strings.swift */ = {isa = PBXFileReference; fileEncoding = 4; lastKnownFileType = sourcecode.swift; path = Strings.swift; sourceTree = "<group>"; };
		7B762B6B273FFC9B0097DF54 /* Assets.swift */ = {isa = PBXFileReference; fileEncoding = 4; lastKnownFileType = sourcecode.swift; path = Assets.swift; sourceTree = "<group>"; };
		7B762B6F274004310097DF54 /* MainViewModel.swift */ = {isa = PBXFileReference; lastKnownFileType = sourcecode.swift; path = MainViewModel.swift; sourceTree = "<group>"; };
		7B762B712740043E0097DF54 /* MainModel.swift */ = {isa = PBXFileReference; lastKnownFileType = sourcecode.swift; path = MainModel.swift; sourceTree = "<group>"; };
		7B7653E12740284F00D472C7 /* Answer.swift */ = {isa = PBXFileReference; lastKnownFileType = sourcecode.swift; path = Answer.swift; sourceTree = "<group>"; };
		7B7653E3274029E500D472C7 /* PresentableAnswer.swift */ = {isa = PBXFileReference; lastKnownFileType = sourcecode.swift; path = PresentableAnswer.swift; sourceTree = "<group>"; };
		7B7653E527412E1D00D472C7 /* SettingsViewModel.swift */ = {isa = PBXFileReference; lastKnownFileType = sourcecode.swift; path = SettingsViewModel.swift; sourceTree = "<group>"; };
		7B7653E827412E6A00D472C7 /* SettingsModel.swift */ = {isa = PBXFileReference; lastKnownFileType = sourcecode.swift; path = SettingsModel.swift; sourceTree = "<group>"; };
		7B7653EA27413F5800D472C7 /* AnswersViewModel.swift */ = {isa = PBXFileReference; lastKnownFileType = sourcecode.swift; path = AnswersViewModel.swift; sourceTree = "<group>"; };
		7B7653EC2741425A00D472C7 /* AnswersModel.swift */ = {isa = PBXFileReference; lastKnownFileType = sourcecode.swift; path = AnswersModel.swift; sourceTree = "<group>"; };
		7BA85330273B0A8C0015176E /* DBManager.swift */ = {isa = PBXFileReference; lastKnownFileType = sourcecode.swift; path = DBManager.swift; sourceTree = "<group>"; };
		7BB066A026FDAAAF008FB062 /* 8-ball.app */ = {isa = PBXFileReference; explicitFileType = wrapper.application; includeInIndex = 0; path = "8-ball.app"; sourceTree = BUILT_PRODUCTS_DIR; };
		7BB066A326FDAAAF008FB062 /* AppDelegate.swift */ = {isa = PBXFileReference; lastKnownFileType = sourcecode.swift; path = AppDelegate.swift; sourceTree = "<group>"; };
		7BB066A526FDAAAF008FB062 /* SceneDelegate.swift */ = {isa = PBXFileReference; lastKnownFileType = sourcecode.swift; path = SceneDelegate.swift; sourceTree = "<group>"; };
		7BB066A726FDAAAF008FB062 /* MainViewController.swift */ = {isa = PBXFileReference; lastKnownFileType = sourcecode.swift; path = MainViewController.swift; sourceTree = "<group>"; };
		7BB066AC26FDAAB1008FB062 /* Assets.xcassets */ = {isa = PBXFileReference; lastKnownFileType = folder.assetcatalog; path = Assets.xcassets; sourceTree = "<group>"; };
		7BB066AF26FDAAB1008FB062 /* Base */ = {isa = PBXFileReference; lastKnownFileType = file.storyboard; name = Base; path = Base.lproj/LaunchScreen.storyboard; sourceTree = "<group>"; };
		7BB066B126FDAAB1008FB062 /* Info.plist */ = {isa = PBXFileReference; lastKnownFileType = text.plist.xml; path = Info.plist; sourceTree = "<group>"; };
		7BD7E2A3271602E400709514 /* AnswersTableViewController.swift */ = {isa = PBXFileReference; lastKnownFileType = sourcecode.swift; path = AnswersTableViewController.swift; sourceTree = "<group>"; };
		7BEFEFB7270D98C6006DAAA6 /* AnswerData.swift */ = {isa = PBXFileReference; lastKnownFileType = sourcecode.swift; path = AnswerData.swift; sourceTree = "<group>"; };
		7BEFEFB9270D9AE3006DAAA6 /* AnswerManager.swift */ = {isa = PBXFileReference; lastKnownFileType = sourcecode.swift; path = AnswerManager.swift; sourceTree = "<group>"; };
		8BAE9E698ED66E54BAA72AD4 /* Pods-8-ball.release.xcconfig */ = {isa = PBXFileReference; includeInIndex = 1; lastKnownFileType = text.xcconfig; name = "Pods-8-ball.release.xcconfig"; path = "Target Support Files/Pods-8-ball/Pods-8-ball.release.xcconfig"; sourceTree = "<group>"; };
		F53C5C78F5A1DDEB5ACC9D38 /* Pods_8_ball.framework */ = {isa = PBXFileReference; explicitFileType = wrapper.framework; includeInIndex = 0; path = Pods_8_ball.framework; sourceTree = BUILT_PRODUCTS_DIR; };
/* End PBXFileReference section */

/* Begin PBXFrameworksBuildPhase section */
		7BB0669D26FDAAAF008FB062 /* Frameworks */ = {
			isa = PBXFrameworksBuildPhase;
			buildActionMask = 2147483647;
			files = (
				A20BD63A207B0620DEC2F1D1 /* Pods_8_ball.framework in Frameworks */,
			);
			runOnlyForDeploymentPostprocessing = 0;
		};
/* End PBXFrameworksBuildPhase section */

/* Begin PBXGroup section */
		7B29FA98273C3C4D008E5E4F /* SwiftGen */ = {
			isa = PBXGroup;
			children = (
				7B762B6B273FFC9B0097DF54 /* Assets.swift */,
				7B762B6A273FFC9B0097DF54 /* Strings.swift */,
			);
			path = SwiftGen;
			sourceTree = "<group>";
		};
		7B472146271B4B7E00D1D41F /* SupportingFiles */ = {
			isa = PBXGroup;
			children = (
				7BB066A326FDAAAF008FB062 /* AppDelegate.swift */,
				7B472147271B4BD500D1D41F /* Reachability.swift */,
				7BB066A526FDAAAF008FB062 /* SceneDelegate.swift */,
			);
			path = SupportingFiles;
			sourceTree = "<group>";
		};
		7B7653E727412E4400D472C7 /* DataModel */ = {
			isa = PBXGroup;
			children = (
				7B7653E3274029E500D472C7 /* PresentableAnswer.swift */,
				7B7653E12740284F00D472C7 /* Answer.swift */,
				7BEFEFB7270D98C6006DAAA6 /* AnswerData.swift */,
			);
			path = DataModel;
			sourceTree = "<group>";
		};
		7B90E1AD27454CDE00C38EE0 /* Flows */ = {
			isa = PBXGroup;
			children = (
				7B3AAB262750CFC0001C6DE4 /* MainTabBarController.swift */,
				7B90E1AE27454CE600C38EE0 /* Main */,
				7B90E1AF27454CEE00C38EE0 /* Settings */,
				7B90E1B027454CF500C38EE0 /* Answers */,
			);
			path = Flows;
			sourceTree = "<group>";
		};
		7B90E1AE27454CE600C38EE0 /* Main */ = {
			isa = PBXGroup;
			children = (
				7B762B712740043E0097DF54 /* MainModel.swift */,
				7B762B6F274004310097DF54 /* MainViewModel.swift */,
				7BB066A726FDAAAF008FB062 /* MainViewController.swift */,
			);
			path = Main;
			sourceTree = "<group>";
		};
		7B90E1AF27454CEE00C38EE0 /* Settings */ = {
			isa = PBXGroup;
			children = (
				7B7653E827412E6A00D472C7 /* SettingsModel.swift */,
				7B7653E527412E1D00D472C7 /* SettingsViewModel.swift */,
				7B18314F27036E3C0002DC27 /* SettingsViewController.swift */,
			);
			path = Settings;
			sourceTree = "<group>";
		};
		7B90E1B027454CF500C38EE0 /* Answers */ = {
			isa = PBXGroup;
			children = (
				7B7653EC2741425A00D472C7 /* AnswersModel.swift */,
				7B7653EA27413F5800D472C7 /* AnswersViewModel.swift */,
				7BD7E2A3271602E400709514 /* AnswersTableViewController.swift */,
			);
			path = Answers;
			sourceTree = "<group>";
		};
		7B90E1B227455C3F00C38EE0 /* Managers */ = {
			isa = PBXGroup;
			children = (
				7BA85330273B0A8C0015176E /* DBManager.swift */,
				7BEFEFB9270D9AE3006DAAA6 /* AnswerManager.swift */,
				7B71E2D927359A4900AAC475 /* ConnectionManager.swift */,
				7B1AC0E8274D320500F58290 /* KeychainManager.swift */,
			);
			path = Managers;
			sourceTree = "<group>";
		};
		7BB0669726FDAAAF008FB062 = {
			isa = PBXGroup;
			children = (
				7B29FA97273C3A78008E5E4F /* swiftgen.yml */,
				7BB066A226FDAAAF008FB062 /* 8-ball */,
				7BB066A126FDAAAF008FB062 /* Products */,
				FABD129010EE9899FCC48F10 /* Pods */,
				9BDD1D08B4164F609AE5E9CD /* Frameworks */,
			);
			sourceTree = "<group>";
		};
		7BB066A126FDAAAF008FB062 /* Products */ = {
			isa = PBXGroup;
			children = (
				7BB066A026FDAAAF008FB062 /* 8-ball.app */,
			);
			name = Products;
			sourceTree = "<group>";
		};
		7BB066A226FDAAAF008FB062 /* 8-ball */ = {
			isa = PBXGroup;
			children = (
				7B90E1AD27454CDE00C38EE0 /* Flows */,
				7BB066B926FDAE1C008FB062 /* Model */,
				7B90E1B227455C3F00C38EE0 /* Managers */,
				7BE52039273ED042006FE68F /* Resource */,
				7B472146271B4B7E00D1D41F /* SupportingFiles */,
				7BB066AE26FDAAB1008FB062 /* LaunchScreen.storyboard */,
				7BB066B126FDAAB1008FB062 /* Info.plist */,
			);
			path = "8-ball";
			sourceTree = "<group>";
		};
		7BB066B926FDAE1C008FB062 /* Model */ = {
			isa = PBXGroup;
			children = (
				7B7653E727412E4400D472C7 /* DataModel */,
				7B017E3F270CC9CF00DA95C3 /* 8-ball.xcdatamodeld */,
			);
			path = Model;
			sourceTree = "<group>";
		};
		7BE52039273ED042006FE68F /* Resource */ = {
			isa = PBXGroup;
			children = (
				7B2E95A02706D6B200C3B8DD /* Constants.swift */,
				7B29FA98273C3C4D008E5E4F /* SwiftGen */,
				7BB066AC26FDAAB1008FB062 /* Assets.xcassets */,
				7B55926F273C5542000CD949 /* Localizable.strings */,
			);
			path = Resource;
			sourceTree = "<group>";
		};
		9BDD1D08B4164F609AE5E9CD /* Frameworks */ = {
			isa = PBXGroup;
			children = (
				F53C5C78F5A1DDEB5ACC9D38 /* Pods_8_ball.framework */,
			);
			name = Frameworks;
			sourceTree = "<group>";
		};
		FABD129010EE9899FCC48F10 /* Pods */ = {
			isa = PBXGroup;
			children = (
				7A9F9BBCC4526B74250B4FE2 /* Pods-8-ball.debug.xcconfig */,
				8BAE9E698ED66E54BAA72AD4 /* Pods-8-ball.release.xcconfig */,
			);
			path = Pods;
			sourceTree = "<group>";
		};
/* End PBXGroup section */

/* Begin PBXNativeTarget section */
		7BB0669F26FDAAAF008FB062 /* 8-ball */ = {
			isa = PBXNativeTarget;
			buildConfigurationList = 7BB066B426FDAAB1008FB062 /* Build configuration list for PBXNativeTarget "8-ball" */;
			buildPhases = (
				2D42237F9B8D5DFD1EFC20E9 /* [CP] Check Pods Manifest.lock */,
				7B559272273C56C8000CD949 /* SwiftGen */,
				7BA8532F273AF6530015176E /* ShellScript */,
				7BB0669C26FDAAAF008FB062 /* Sources */,
				7BB0669D26FDAAAF008FB062 /* Frameworks */,
				7BB0669E26FDAAAF008FB062 /* Resources */,
				1FF3E9CF21F112E0A3F3DBB5 /* [CP] Embed Pods Frameworks */,
			);
			buildRules = (
			);
			dependencies = (
			);
			name = "8-ball";
			productName = "8-ball";
			productReference = 7BB066A026FDAAAF008FB062 /* 8-ball.app */;
			productType = "com.apple.product-type.application";
		};
/* End PBXNativeTarget section */

/* Begin PBXProject section */
		7BB0669826FDAAAF008FB062 /* Project object */ = {
			isa = PBXProject;
			attributes = {
				LastSwiftUpdateCheck = 1250;
				LastUpgradeCheck = 1250;
				TargetAttributes = {
					7BB0669F26FDAAAF008FB062 = {
						CreatedOnToolsVersion = 12.5.1;
					};
				};
			};
			buildConfigurationList = 7BB0669B26FDAAAF008FB062 /* Build configuration list for PBXProject "8-ball" */;
			compatibilityVersion = "Xcode 9.3";
			developmentRegion = en;
			hasScannedForEncodings = 0;
			knownRegions = (
				en,
				Base,
			);
			mainGroup = 7BB0669726FDAAAF008FB062;
			productRefGroup = 7BB066A126FDAAAF008FB062 /* Products */;
			projectDirPath = "";
			projectRoot = "";
			targets = (
				7BB0669F26FDAAAF008FB062 /* 8-ball */,
			);
		};
/* End PBXProject section */

/* Begin PBXResourcesBuildPhase section */
		7BB0669E26FDAAAF008FB062 /* Resources */ = {
			isa = PBXResourcesBuildPhase;
			buildActionMask = 2147483647;
			files = (
				7BB066B026FDAAB1008FB062 /* LaunchScreen.storyboard in Resources */,
				7B559271273C5542000CD949 /* Localizable.strings in Resources */,
				7BB066AD26FDAAB1008FB062 /* Assets.xcassets in Resources */,
			);
			runOnlyForDeploymentPostprocessing = 0;
		};
/* End PBXResourcesBuildPhase section */

/* Begin PBXShellScriptBuildPhase section */
		1FF3E9CF21F112E0A3F3DBB5 /* [CP] Embed Pods Frameworks */ = {
			isa = PBXShellScriptBuildPhase;
			buildActionMask = 2147483647;
			files = (
			);
			inputFileListPaths = (
				"${PODS_ROOT}/Target Support Files/Pods-8-ball/Pods-8-ball-frameworks-${CONFIGURATION}-input-files.xcfilelist",
			);
			name = "[CP] Embed Pods Frameworks";
			outputFileListPaths = (
				"${PODS_ROOT}/Target Support Files/Pods-8-ball/Pods-8-ball-frameworks-${CONFIGURATION}-output-files.xcfilelist",
			);
			runOnlyForDeploymentPostprocessing = 0;
			shellPath = /bin/sh;
			shellScript = "\"${PODS_ROOT}/Target Support Files/Pods-8-ball/Pods-8-ball-frameworks.sh\"\n";
			showEnvVarsInLog = 0;
		};
		2D42237F9B8D5DFD1EFC20E9 /* [CP] Check Pods Manifest.lock */ = {
			isa = PBXShellScriptBuildPhase;
			buildActionMask = 2147483647;
			files = (
			);
			inputFileListPaths = (
			);
			inputPaths = (
				"${PODS_PODFILE_DIR_PATH}/Podfile.lock",
				"${PODS_ROOT}/Manifest.lock",
			);
			name = "[CP] Check Pods Manifest.lock";
			outputFileListPaths = (
			);
			outputPaths = (
				"$(DERIVED_FILE_DIR)/Pods-8-ball-checkManifestLockResult.txt",
			);
			runOnlyForDeploymentPostprocessing = 0;
			shellPath = /bin/sh;
			shellScript = "diff \"${PODS_PODFILE_DIR_PATH}/Podfile.lock\" \"${PODS_ROOT}/Manifest.lock\" > /dev/null\nif [ $? != 0 ] ; then\n    # print error to STDERR\n    echo \"error: The sandbox is not in sync with the Podfile.lock. Run 'pod install' or update your CocoaPods installation.\" >&2\n    exit 1\nfi\n# This output is used by Xcode 'outputs' to avoid re-running this script phase.\necho \"SUCCESS\" > \"${SCRIPT_OUTPUT_FILE_0}\"\n";
			showEnvVarsInLog = 0;
		};
		7B559272273C56C8000CD949 /* SwiftGen */ = {
			isa = PBXShellScriptBuildPhase;
			buildActionMask = 2147483647;
			files = (
			);
			inputFileListPaths = (
			);
			inputPaths = (
			);
			name = SwiftGen;
			outputFileListPaths = (
			);
			outputPaths = (
			);
			runOnlyForDeploymentPostprocessing = 0;
			shellPath = /bin/sh;
			shellScript = "if [[ -f \"${PODS_ROOT}/SwiftGen/bin/swiftgen\" ]]; then\n  \"${PODS_ROOT}/SwiftGen/bin/swiftgen\"\nelse\n  echo \"warning: SwiftGen is not installed. Run 'pod install --repo-update' to install it.\"\nfi \n";
		};
		7BA8532F273AF6530015176E /* ShellScript */ = {
			isa = PBXShellScriptBuildPhase;
			buildActionMask = 2147483647;
			files = (
			);
			inputFileListPaths = (
			);
			inputPaths = (
			);
			outputFileListPaths = (
			);
			outputPaths = (
			);
			runOnlyForDeploymentPostprocessing = 0;
			shellPath = /bin/sh;
			shellScript = "${PODS_ROOT}/SwiftLint/swiftlint \n";
		};
/* End PBXShellScriptBuildPhase section */

/* Begin PBXSourcesBuildPhase section */
		7BB0669C26FDAAAF008FB062 /* Sources */ = {
			isa = PBXSourcesBuildPhase;
			buildActionMask = 2147483647;
			files = (
				7B2E95A12706D6B200C3B8DD /* Constants.swift in Sources */,
				7B7653ED2741425A00D472C7 /* AnswersModel.swift in Sources */,
				7B3AAB272750CFC0001C6DE4 /* MainTabBarController.swift in Sources */,
				7BEFEFBA270D9AE3006DAAA6 /* AnswerManager.swift in Sources */,
				7BB066A826FDAAAF008FB062 /* MainViewController.swift in Sources */,
				7B7653E4274029E500D472C7 /* PresentableAnswer.swift in Sources */,
				7B7653E22740284F00D472C7 /* Answer.swift in Sources */,
				7BA85331273B0A8C0015176E /* DBManager.swift in Sources */,
				7BB066A426FDAAAF008FB062 /* AppDelegate.swift in Sources */,
				7BEFEFB8270D98C6006DAAA6 /* AnswerData.swift in Sources */,
				7B762B6C273FFC9B0097DF54 /* Strings.swift in Sources */,
				7B762B6D273FFC9B0097DF54 /* Assets.swift in Sources */,
				7BD7E2A4271602E400709514 /* AnswersTableViewController.swift in Sources */,
				7B7653E927412E6A00D472C7 /* SettingsModel.swift in Sources */,
				7B017E41270CC9CF00DA95C3 /* 8-ball.xcdatamodeld in Sources */,
				7B7653EB27413F5800D472C7 /* AnswersViewModel.swift in Sources */,
				7B762B722740043E0097DF54 /* MainModel.swift in Sources */,
				7BB066A626FDAAAF008FB062 /* SceneDelegate.swift in Sources */,
				7B1AC0E9274D320500F58290 /* KeychainManager.swift in Sources */,
				7B7653E627412E1D00D472C7 /* SettingsViewModel.swift in Sources */,
				7B472148271B4BD500D1D41F /* Reachability.swift in Sources */,
				7B71E2DA27359A4900AAC475 /* ConnectionManager.swift in Sources */,
				7B18315027036E3C0002DC27 /* SettingsViewController.swift in Sources */,
				7B762B70274004310097DF54 /* MainViewModel.swift in Sources */,
			);
			runOnlyForDeploymentPostprocessing = 0;
		};
/* End PBXSourcesBuildPhase section */

/* Begin PBXVariantGroup section */
		7B55926F273C5542000CD949 /* Localizable.strings */ = {
			isa = PBXVariantGroup;
			children = (
				7B559270273C5542000CD949 /* Base */,
			);
			name = Localizable.strings;
			sourceTree = "<group>";
		};
		7BB066AE26FDAAB1008FB062 /* LaunchScreen.storyboard */ = {
			isa = PBXVariantGroup;
			children = (
				7BB066AF26FDAAB1008FB062 /* Base */,
			);
			name = LaunchScreen.storyboard;
			sourceTree = "<group>";
		};
/* End PBXVariantGroup section */

/* Begin XCBuildConfiguration section */
		7BB066B226FDAAB1008FB062 /* Debug */ = {
			isa = XCBuildConfiguration;
			buildSettings = {
				ALWAYS_SEARCH_USER_PATHS = NO;
				CLANG_ANALYZER_NONNULL = YES;
				CLANG_ANALYZER_NUMBER_OBJECT_CONVERSION = YES_AGGRESSIVE;
				CLANG_CXX_LANGUAGE_STANDARD = "gnu++14";
				CLANG_CXX_LIBRARY = "libc++";
				CLANG_ENABLE_MODULES = YES;
				CLANG_ENABLE_OBJC_ARC = YES;
				CLANG_ENABLE_OBJC_WEAK = YES;
				CLANG_WARN_BLOCK_CAPTURE_AUTORELEASING = YES;
				CLANG_WARN_BOOL_CONVERSION = YES;
				CLANG_WARN_COMMA = YES;
				CLANG_WARN_CONSTANT_CONVERSION = YES;
				CLANG_WARN_DEPRECATED_OBJC_IMPLEMENTATIONS = YES;
				CLANG_WARN_DIRECT_OBJC_ISA_USAGE = YES_ERROR;
				CLANG_WARN_DOCUMENTATION_COMMENTS = YES;
				CLANG_WARN_EMPTY_BODY = YES;
				CLANG_WARN_ENUM_CONVERSION = YES;
				CLANG_WARN_INFINITE_RECURSION = YES;
				CLANG_WARN_INT_CONVERSION = YES;
				CLANG_WARN_NON_LITERAL_NULL_CONVERSION = YES;
				CLANG_WARN_OBJC_IMPLICIT_RETAIN_SELF = YES;
				CLANG_WARN_OBJC_LITERAL_CONVERSION = YES;
				CLANG_WARN_OBJC_ROOT_CLASS = YES_ERROR;
				CLANG_WARN_QUOTED_INCLUDE_IN_FRAMEWORK_HEADER = YES;
				CLANG_WARN_RANGE_LOOP_ANALYSIS = YES;
				CLANG_WARN_STRICT_PROTOTYPES = YES;
				CLANG_WARN_SUSPICIOUS_MOVE = YES;
				CLANG_WARN_UNGUARDED_AVAILABILITY = YES_AGGRESSIVE;
				CLANG_WARN_UNREACHABLE_CODE = YES;
				CLANG_WARN__DUPLICATE_METHOD_MATCH = YES;
				COPY_PHASE_STRIP = NO;
				DEBUG_INFORMATION_FORMAT = dwarf;
				ENABLE_STRICT_OBJC_MSGSEND = YES;
				ENABLE_TESTABILITY = YES;
				GCC_C_LANGUAGE_STANDARD = gnu11;
				GCC_DYNAMIC_NO_PIC = NO;
				GCC_NO_COMMON_BLOCKS = YES;
				GCC_OPTIMIZATION_LEVEL = 0;
				GCC_PREPROCESSOR_DEFINITIONS = (
					"DEBUG=1",
					"$(inherited)",
				);
				GCC_WARN_64_TO_32_BIT_CONVERSION = YES;
				GCC_WARN_ABOUT_RETURN_TYPE = YES_ERROR;
				GCC_WARN_UNDECLARED_SELECTOR = YES;
				GCC_WARN_UNINITIALIZED_AUTOS = YES_AGGRESSIVE;
				GCC_WARN_UNUSED_FUNCTION = YES;
				GCC_WARN_UNUSED_VARIABLE = YES;
				IPHONEOS_DEPLOYMENT_TARGET = 14.5;
				MTL_ENABLE_DEBUG_INFO = INCLUDE_SOURCE;
				MTL_FAST_MATH = YES;
				ONLY_ACTIVE_ARCH = YES;
				SDKROOT = iphoneos;
				SWIFT_ACTIVE_COMPILATION_CONDITIONS = DEBUG;
				SWIFT_OPTIMIZATION_LEVEL = "-Onone";
			};
			name = Debug;
		};
		7BB066B326FDAAB1008FB062 /* Release */ = {
			isa = XCBuildConfiguration;
			buildSettings = {
				ALWAYS_SEARCH_USER_PATHS = NO;
				CLANG_ANALYZER_NONNULL = YES;
				CLANG_ANALYZER_NUMBER_OBJECT_CONVERSION = YES_AGGRESSIVE;
				CLANG_CXX_LANGUAGE_STANDARD = "gnu++14";
				CLANG_CXX_LIBRARY = "libc++";
				CLANG_ENABLE_MODULES = YES;
				CLANG_ENABLE_OBJC_ARC = YES;
				CLANG_ENABLE_OBJC_WEAK = YES;
				CLANG_WARN_BLOCK_CAPTURE_AUTORELEASING = YES;
				CLANG_WARN_BOOL_CONVERSION = YES;
				CLANG_WARN_COMMA = YES;
				CLANG_WARN_CONSTANT_CONVERSION = YES;
				CLANG_WARN_DEPRECATED_OBJC_IMPLEMENTATIONS = YES;
				CLANG_WARN_DIRECT_OBJC_ISA_USAGE = YES_ERROR;
				CLANG_WARN_DOCUMENTATION_COMMENTS = YES;
				CLANG_WARN_EMPTY_BODY = YES;
				CLANG_WARN_ENUM_CONVERSION = YES;
				CLANG_WARN_INFINITE_RECURSION = YES;
				CLANG_WARN_INT_CONVERSION = YES;
				CLANG_WARN_NON_LITERAL_NULL_CONVERSION = YES;
				CLANG_WARN_OBJC_IMPLICIT_RETAIN_SELF = YES;
				CLANG_WARN_OBJC_LITERAL_CONVERSION = YES;
				CLANG_WARN_OBJC_ROOT_CLASS = YES_ERROR;
				CLANG_WARN_QUOTED_INCLUDE_IN_FRAMEWORK_HEADER = YES;
				CLANG_WARN_RANGE_LOOP_ANALYSIS = YES;
				CLANG_WARN_STRICT_PROTOTYPES = YES;
				CLANG_WARN_SUSPICIOUS_MOVE = YES;
				CLANG_WARN_UNGUARDED_AVAILABILITY = YES_AGGRESSIVE;
				CLANG_WARN_UNREACHABLE_CODE = YES;
				CLANG_WARN__DUPLICATE_METHOD_MATCH = YES;
				COPY_PHASE_STRIP = NO;
				DEBUG_INFORMATION_FORMAT = "dwarf-with-dsym";
				ENABLE_NS_ASSERTIONS = NO;
				ENABLE_STRICT_OBJC_MSGSEND = YES;
				GCC_C_LANGUAGE_STANDARD = gnu11;
				GCC_NO_COMMON_BLOCKS = YES;
				GCC_WARN_64_TO_32_BIT_CONVERSION = YES;
				GCC_WARN_ABOUT_RETURN_TYPE = YES_ERROR;
				GCC_WARN_UNDECLARED_SELECTOR = YES;
				GCC_WARN_UNINITIALIZED_AUTOS = YES_AGGRESSIVE;
				GCC_WARN_UNUSED_FUNCTION = YES;
				GCC_WARN_UNUSED_VARIABLE = YES;
				IPHONEOS_DEPLOYMENT_TARGET = 14.5;
				MTL_ENABLE_DEBUG_INFO = NO;
				MTL_FAST_MATH = YES;
				SDKROOT = iphoneos;
				SWIFT_COMPILATION_MODE = wholemodule;
				SWIFT_OPTIMIZATION_LEVEL = "-O";
				VALIDATE_PRODUCT = YES;
			};
			name = Release;
		};
		7BB066B526FDAAB1008FB062 /* Debug */ = {
			isa = XCBuildConfiguration;
			baseConfigurationReference = 7A9F9BBCC4526B74250B4FE2 /* Pods-8-ball.debug.xcconfig */;
			buildSettings = {
				ASSETCATALOG_COMPILER_APPICON_NAME = AppIcon;
				ASSETCATALOG_COMPILER_GLOBAL_ACCENT_COLOR_NAME = AccentColor;
				CODE_SIGN_STYLE = Automatic;
				DEVELOPMENT_TEAM = HT476QBRPD;
				INFOPLIST_FILE = "8-ball/Info.plist";
				LD_RUNPATH_SEARCH_PATHS = (
					"$(inherited)",
					"@executable_path/Frameworks",
				);
				PRODUCT_BUNDLE_IDENTIFIER = "com.andrii.--ball";
				PRODUCT_NAME = "$(TARGET_NAME)";
				SWIFT_VERSION = 5.0;
				TARGETED_DEVICE_FAMILY = "1,2";
			};
			name = Debug;
		};
		7BB066B626FDAAB1008FB062 /* Release */ = {
			isa = XCBuildConfiguration;
			baseConfigurationReference = 8BAE9E698ED66E54BAA72AD4 /* Pods-8-ball.release.xcconfig */;
			buildSettings = {
				ASSETCATALOG_COMPILER_APPICON_NAME = AppIcon;
				ASSETCATALOG_COMPILER_GLOBAL_ACCENT_COLOR_NAME = AccentColor;
				CODE_SIGN_STYLE = Automatic;
				DEVELOPMENT_TEAM = HT476QBRPD;
				INFOPLIST_FILE = "8-ball/Info.plist";
				LD_RUNPATH_SEARCH_PATHS = (
					"$(inherited)",
					"@executable_path/Frameworks",
				);
				PRODUCT_BUNDLE_IDENTIFIER = "com.andrii.--ball";
				PRODUCT_NAME = "$(TARGET_NAME)";
				SWIFT_VERSION = 5.0;
				TARGETED_DEVICE_FAMILY = "1,2";
			};
			name = Release;
		};
/* End XCBuildConfiguration section */

/* Begin XCConfigurationList section */
		7BB0669B26FDAAAF008FB062 /* Build configuration list for PBXProject "8-ball" */ = {
			isa = XCConfigurationList;
			buildConfigurations = (
				7BB066B226FDAAB1008FB062 /* Debug */,
				7BB066B326FDAAB1008FB062 /* Release */,
			);
			defaultConfigurationIsVisible = 0;
			defaultConfigurationName = Release;
		};
		7BB066B426FDAAB1008FB062 /* Build configuration list for PBXNativeTarget "8-ball" */ = {
			isa = XCConfigurationList;
			buildConfigurations = (
				7BB066B526FDAAB1008FB062 /* Debug */,
				7BB066B626FDAAB1008FB062 /* Release */,
			);
			defaultConfigurationIsVisible = 0;
			defaultConfigurationName = Release;
		};
/* End XCConfigurationList section */

/* Begin XCVersionGroup section */
		7B017E3F270CC9CF00DA95C3 /* 8-ball.xcdatamodeld */ = {
			isa = XCVersionGroup;
			children = (
				7B017E40270CC9CF00DA95C3 /* 8-ball.xcdatamodel */,
			);
			currentVersion = 7B017E40270CC9CF00DA95C3 /* 8-ball.xcdatamodel */;
			path = "8-ball.xcdatamodeld";
			sourceTree = "<group>";
			versionGroupType = wrapper.xcdatamodel;
		};
/* End XCVersionGroup section */
	};
	rootObject = 7BB0669826FDAAAF008FB062 /* Project object */;
}
